
Microsoft Visual Studio Solution File, Format Version 12.00
# Visual Studio Version 17
VisualStudioVersion = 17.0.31903.59
MinimumVisualStudioVersion = 10.0.40219.1
Project("{9A19103F-16F7-4668-BE54-9A1E7A4F7556}") = "Advanced", "Advanced.csproj", "{BF5F4E5F-EFDD-4711-BBDF-918698F39376}"
EndProject
Global
	GlobalSection(SolutionConfigurationPlatforms) = preSolution
		Debug|Any CPU = Debug|Any CPU
		Release|Any CPU = Release|Any CPU
	EndGlobalSection
	GlobalSection(ProjectConfigurationPlatforms) = postSolution
		{BF5F4E5F-EFDD-4711-BBDF-918698F39376}.Debug|Any CPU.ActiveCfg = Debug|Any CPU
		{BF5F4E5F-EFDD-4711-BBDF-918698F39376}.Debug|Any CPU.Build.0 = Debug|Any CPU
		{BF5F4E5F-EFDD-4711-BBDF-918698F39376}.Release|Any CPU.ActiveCfg = Release|Any CPU
		{BF5F4E5F-EFDD-4711-BBDF-918698F39376}.Release|Any CPU.Build.0 = Release|Any CPU
	EndGlobalSection
	GlobalSection(SolutionProperties) = preSolution
		HideSolutionNode = FALSE
	EndGlobalSection
	GlobalSection(ExtensibilityGlobals) = postSolution
		SolutionGuid = {C7E6F5AD-3362-4C5D-88FC-A3F8665C5BF8}
	EndGlobalSection
EndGlobal
